
Microsoft Visual Studio Solution File, Format Version 12.00
# Visual Studio 15
VisualStudioVersion = 15.0.26403.7
MinimumVisualStudioVersion = 10.0.40219.1
Project("{FAE04EC0-301F-11D3-BF4B-00C04F79EFBC}") = "Polygons", "Polygons\Polygons.csproj", "{CA837BD9-A77B-4CC4-BD83-C1521839D593}"
EndProject
Project("{FAE04EC0-301F-11D3-BF4B-00C04F79EFBC}") = "Polygons.Library", "Polygons.Library\Polygons.Library.csproj", "{DF9C704B-451C-49D7-B022-8C318DCAFEFA}"
EndProject
Project("{2150E333-8FDC-42A3-9474-1A3956D46DE8}") = "TestProjects", "TestProjects", "{02764298-CC89-4959-89BB-5EE101AB3A26}"
EndProject
Project("{FAE04EC0-301F-11D3-BF4B-00C04F79EFBC}") = "Polygons.Test", "Polygons.Test\Polygons.Test.csproj", "{73CB38E1-F041-4C6F-92FF-70FAFCB11D5F}"
EndProject
Global
	GlobalSection(SolutionConfigurationPlatforms) = preSolution
		Debug|Any CPU = Debug|Any CPU
		Release|Any CPU = Release|Any CPU
	EndGlobalSection
	GlobalSection(ProjectConfigurationPlatforms) = postSolution
		{CA837BD9-A77B-4CC4-BD83-C1521839D593}.Debug|Any CPU.ActiveCfg = Debug|Any CPU
		{CA837BD9-A77B-4CC4-BD83-C1521839D593}.Debug|Any CPU.Build.0 = Debug|Any CPU
		{CA837BD9-A77B-4CC4-BD83-C1521839D593}.Release|Any CPU.ActiveCfg = Release|Any CPU
		{CA837BD9-A77B-4CC4-BD83-C1521839D593}.Release|Any CPU.Build.0 = Release|Any CPU
		{DF9C704B-451C-49D7-B022-8C318DCAFEFA}.Debug|Any CPU.ActiveCfg = Debug|Any CPU
		{DF9C704B-451C-49D7-B022-8C318DCAFEFA}.Debug|Any CPU.Build.0 = Debug|Any CPU
		{DF9C704B-451C-49D7-B022-8C318DCAFEFA}.Release|Any CPU.ActiveCfg = Release|Any CPU
		{DF9C704B-451C-49D7-B022-8C318DCAFEFA}.Release|Any CPU.Build.0 = Release|Any CPU
		{73CB38E1-F041-4C6F-92FF-70FAFCB11D5F}.Debug|Any CPU.ActiveCfg = Debug|Any CPU
		{73CB38E1-F041-4C6F-92FF-70FAFCB11D5F}.Debug|Any CPU.Build.0 = Debug|Any CPU
		{73CB38E1-F041-4C6F-92FF-70FAFCB11D5F}.Release|Any CPU.ActiveCfg = Release|Any CPU
		{73CB38E1-F041-4C6F-92FF-70FAFCB11D5F}.Release|Any CPU.Build.0 = Release|Any CPU
	EndGlobalSection
	GlobalSection(SolutionProperties) = preSolution
		HideSolutionNode = FALSE
	EndGlobalSection
	GlobalSection(NestedProjects) = preSolution
		{73CB38E1-F041-4C6F-92FF-70FAFCB11D5F} = {02764298-CC89-4959-89BB-5EE101AB3A26}
	EndGlobalSection
EndGlobal
