
Microsoft Visual Studio Solution File, Format Version 12.00
# Visual Studio 15
VisualStudioVersion = 15.0.26403.7
MinimumVisualStudioVersion = 10.0.40219.1
Project("{FAE04EC0-301F-11D3-BF4B-00C04F79EFBC}") = "LiquidThinking.CLI", "LiquidThinking.CLI\LiquidThinking.CLI.csproj", "{970EA969-393B-4125-8E26-6D9224892BF9}"
EndProject
Project("{FAE04EC0-301F-11D3-BF4B-00C04F79EFBC}") = "LiquidThinking.Tests", "LiquidThinking.Tests\LiquidThinking.Tests.csproj", "{DB2272B2-F123-4FBF-848A-388637BA0603}"
EndProject
Global
	GlobalSection(SolutionConfigurationPlatforms) = preSolution
		Debug|Any CPU = Debug|Any CPU
		Release|Any CPU = Release|Any CPU
	EndGlobalSection
	GlobalSection(ProjectConfigurationPlatforms) = postSolution
		{970EA969-393B-4125-8E26-6D9224892BF9}.Debug|Any CPU.ActiveCfg = Debug|Any CPU
		{970EA969-393B-4125-8E26-6D9224892BF9}.Debug|Any CPU.Build.0 = Debug|Any CPU
		{970EA969-393B-4125-8E26-6D9224892BF9}.Release|Any CPU.ActiveCfg = Release|Any CPU
		{970EA969-393B-4125-8E26-6D9224892BF9}.Release|Any CPU.Build.0 = Release|Any CPU
		{DB2272B2-F123-4FBF-848A-388637BA0603}.Debug|Any CPU.ActiveCfg = Debug|Any CPU
		{DB2272B2-F123-4FBF-848A-388637BA0603}.Debug|Any CPU.Build.0 = Debug|Any CPU
		{DB2272B2-F123-4FBF-848A-388637BA0603}.Release|Any CPU.ActiveCfg = Release|Any CPU
		{DB2272B2-F123-4FBF-848A-388637BA0603}.Release|Any CPU.Build.0 = Release|Any CPU
	EndGlobalSection
	GlobalSection(SolutionProperties) = preSolution
		HideSolutionNode = FALSE
	EndGlobalSection
EndGlobal
